
Microsoft Visual Studio Solution File, Format Version 11.00
# Visual Studio 2010
Project("{8BC9CEB8-8B4A-11D0-8D11-00A0C91BC942}") = "kinect01", "kinect01\kinect01.vcxproj", "{87B4F295-7E79-42C8-9124-37CB0F8D52A0}"
EndProject
Global
	GlobalSection(SolutionConfigurationPlatforms) = preSolution
		Debug|Win32 = Debug|Win32
		Debug|x64 = Debug|x64
		Release|Win32 = Release|Win32
		Release|x64 = Release|x64
	EndGlobalSection
	GlobalSection(ProjectConfigurationPlatforms) = postSolution
		{87B4F295-7E79-42C8-9124-37CB0F8D52A0}.Debug|Win32.ActiveCfg = Debug|Win32
		{87B4F295-7E79-42C8-9124-37CB0F8D52A0}.Debug|Win32.Build.0 = Debug|Win32
		{87B4F295-7E79-42C8-9124-37CB0F8D52A0}.Debug|x64.ActiveCfg = Debug|x64
		{87B4F295-7E79-42C8-9124-37CB0F8D52A0}.Debug|x64.Build.0 = Debug|x64
		{87B4F295-7E79-42C8-9124-37CB0F8D52A0}.Release|Win32.ActiveCfg = Release|Win32
		{87B4F295-7E79-42C8-9124-37CB0F8D52A0}.Release|Win32.Build.0 = Release|Win32
		{87B4F295-7E79-42C8-9124-37CB0F8D52A0}.Release|x64.ActiveCfg = Release|x64
		{87B4F295-7E79-42C8-9124-37CB0F8D52A0}.Release|x64.Build.0 = Release|x64
	EndGlobalSection
	GlobalSection(SolutionProperties) = preSolution
		HideSolutionNode = FALSE
	EndGlobalSection
EndGlobal
